
Microsoft Visual Studio Solution File, Format Version 12.00
# Visual Studio 15
VisualStudioVersion = 15.0.27703.2018
MinimumVisualStudioVersion = 10.0.40219.1
Project("{FAE04EC0-301F-11D3-BF4B-00C04F79EFBC}") = "HWAgain.API", "HWAgain.API\HWAgain.API.csproj", "{F6DA4903-403A-4EFD-9A01-E91C872F24EF}"
EndProject
Project("{FAE04EC0-301F-11D3-BF4B-00C04F79EFBC}") = "HWAgain.API.Tests", "HWAgain.API.Tests\HWAgain.API.Tests.csproj", "{E81EB244-59A0-4C24-A932-F74C1B316BC8}"
EndProject
Global
	GlobalSection(SolutionConfigurationPlatforms) = preSolution
		Debug|Any CPU = Debug|Any CPU
		Release|Any CPU = Release|Any CPU
	EndGlobalSection
	GlobalSection(ProjectConfigurationPlatforms) = postSolution
		{F6DA4903-403A-4EFD-9A01-E91C872F24EF}.Debug|Any CPU.ActiveCfg = Debug|Any CPU
		{F6DA4903-403A-4EFD-9A01-E91C872F24EF}.Debug|Any CPU.Build.0 = Debug|Any CPU
		{F6DA4903-403A-4EFD-9A01-E91C872F24EF}.Release|Any CPU.ActiveCfg = Release|Any CPU
		{F6DA4903-403A-4EFD-9A01-E91C872F24EF}.Release|Any CPU.Build.0 = Release|Any CPU
		{E81EB244-59A0-4C24-A932-F74C1B316BC8}.Debug|Any CPU.ActiveCfg = Debug|Any CPU
		{E81EB244-59A0-4C24-A932-F74C1B316BC8}.Debug|Any CPU.Build.0 = Debug|Any CPU
		{E81EB244-59A0-4C24-A932-F74C1B316BC8}.Release|Any CPU.ActiveCfg = Release|Any CPU
		{E81EB244-59A0-4C24-A932-F74C1B316BC8}.Release|Any CPU.Build.0 = Release|Any CPU
	EndGlobalSection
	GlobalSection(SolutionProperties) = preSolution
		HideSolutionNode = FALSE
	EndGlobalSection
	GlobalSection(ExtensibilityGlobals) = postSolution
		SolutionGuid = {A4D3718D-62C6-4675-9835-E19E03F192FA}
	EndGlobalSection
EndGlobal
